// !$*UTF8*$!
{
	archiveVersion = 1;
	classes = {
	};
	objectVersion = 46;
	objects = {

/* Begin PBXBuildFile section */
		9C16A5611E645A0300D382EB /* FoodProduct.swift in Sources */ = {isa = PBXBuildFile; fileRef = 9C16A5601E645A0300D382EB /* FoodProduct.swift */; };
		9C42CF321E670FCD00C42F63 /* FavoritesTableViewController.swift in Sources */ = {isa = PBXBuildFile; fileRef = 9C42CF311E670FCD00C42F63 /* FavoritesTableViewController.swift */; };
		9C42CF341E675BD700C42F63 /* FlyingCarrotsViewController.swift in Sources */ = {isa = PBXBuildFile; fileRef = 9C42CF331E675BD700C42F63 /* FlyingCarrotsViewController.swift */; };
		9C42CF361E67648D00C42F63 /* Assets.xcassets in Resources */ = {isa = PBXBuildFile; fileRef = 9C42CF351E67648D00C42F63 /* Assets.xcassets */; };
		9C5A2E281E5B333100232244 /* SearchListTableViewController.swift in Sources */ = {isa = PBXBuildFile; fileRef = 9C5A2E271E5B333100232244 /* SearchListTableViewController.swift */; };
		9C5A2E2A1E5B3D7C00232244 /* DetailsViewController.swift in Sources */ = {isa = PBXBuildFile; fileRef = 9C5A2E291E5B3D7C00232244 /* DetailsViewController.swift */; };
		9C8380101E5A179F0036AA27 /* AppDelegate.swift in Sources */ = {isa = PBXBuildFile; fileRef = 9C83800F1E5A179F0036AA27 /* AppDelegate.swift */; };
		9C8380151E5A179F0036AA27 /* Main.storyboard in Resources */ = {isa = PBXBuildFile; fileRef = 9C8380131E5A179F0036AA27 /* Main.storyboard */; };
		9C83801A1E5A179F0036AA27 /* LaunchScreen.storyboard in Resources */ = {isa = PBXBuildFile; fileRef = 9C8380181E5A179F0036AA27 /* LaunchScreen.storyboard */; };
		9CF560401E5EDFF0004D7DE1 /* MyTableViewCell.swift in Sources */ = {isa = PBXBuildFile; fileRef = 9CF5603F1E5EDFF0004D7DE1 /* MyTableViewCell.swift */; };
		9CF560421E5EF09F004D7DE1 /* DataManager.swift in Sources */ = {isa = PBXBuildFile; fileRef = 9CF560411E5EF09F004D7DE1 /* DataManager.swift */; };
/* End PBXBuildFile section */

/* Begin PBXFileReference section */
		9C16A5601E645A0300D382EB /* FoodProduct.swift */ = {isa = PBXFileReference; fileEncoding = 4; lastKnownFileType = sourcecode.swift; path = FoodProduct.swift; sourceTree = "<group>"; };
		9C42CF311E670FCD00C42F63 /* FavoritesTableViewController.swift */ = {isa = PBXFileReference; fileEncoding = 4; lastKnownFileType = sourcecode.swift; name = FavoritesTableViewController.swift; path = ../FavoritesTableViewController.swift; sourceTree = "<group>"; };
		9C42CF331E675BD700C42F63 /* FlyingCarrotsViewController.swift */ = {isa = PBXFileReference; fileEncoding = 4; lastKnownFileType = sourcecode.swift; path = FlyingCarrotsViewController.swift; sourceTree = "<group>"; };
		9C42CF351E67648D00C42F63 /* Assets.xcassets */ = {isa = PBXFileReference; lastKnownFileType = folder.assetcatalog; path = Assets.xcassets; sourceTree = "<group>"; };
		9C5A2E271E5B333100232244 /* SearchListTableViewController.swift */ = {isa = PBXFileReference; fileEncoding = 4; lastKnownFileType = sourcecode.swift; path = SearchListTableViewController.swift; sourceTree = "<group>"; };
		9C5A2E291E5B3D7C00232244 /* DetailsViewController.swift */ = {isa = PBXFileReference; fileEncoding = 4; lastKnownFileType = sourcecode.swift; path = DetailsViewController.swift; sourceTree = "<group>"; };
		9C83800C1E5A179F0036AA27 /* Livsmedelappen.app */ = {isa = PBXFileReference; explicitFileType = wrapper.application; includeInIndex = 0; path = Livsmedelappen.app; sourceTree = BUILT_PRODUCTS_DIR; };
		9C83800F1E5A179F0036AA27 /* AppDelegate.swift */ = {isa = PBXFileReference; lastKnownFileType = sourcecode.swift; path = AppDelegate.swift; sourceTree = "<group>"; };
		9C8380141E5A179F0036AA27 /* Base */ = {isa = PBXFileReference; lastKnownFileType = file.storyboard; name = Base; path = Base.lproj/Main.storyboard; sourceTree = "<group>"; };
		9C8380191E5A179F0036AA27 /* Base */ = {isa = PBXFileReference; lastKnownFileType = file.storyboard; name = Base; path = Base.lproj/LaunchScreen.storyboard; sourceTree = "<group>"; };
		9C83801B1E5A179F0036AA27 /* Info.plist */ = {isa = PBXFileReference; lastKnownFileType = text.plist.xml; path = Info.plist; sourceTree = "<group>"; };
		9CF5603F1E5EDFF0004D7DE1 /* MyTableViewCell.swift */ = {isa = PBXFileReference; fileEncoding = 4; lastKnownFileType = sourcecode.swift; path = MyTableViewCell.swift; sourceTree = "<group>"; };
		9CF560411E5EF09F004D7DE1 /* DataManager.swift */ = {isa = PBXFileReference; fileEncoding = 4; lastKnownFileType = sourcecode.swift; path = DataManager.swift; sourceTree = "<group>"; };
/* End PBXFileReference section */

/* Begin PBXFrameworksBuildPhase section */
		9C8380091E5A179F0036AA27 /* Frameworks */ = {
			isa = PBXFrameworksBuildPhase;
			buildActionMask = 2147483647;
			files = (
			);
			runOnlyForDeploymentPostprocessing = 0;
		};
/* End PBXFrameworksBuildPhase section */

/* Begin PBXGroup section */
		9C8380031E5A179F0036AA27 = {
			isa = PBXGroup;
			children = (
				9C83800E1E5A179F0036AA27 /* Livsmedelappen */,
				9C83800D1E5A179F0036AA27 /* Products */,
			);
			sourceTree = "<group>";
		};
		9C83800D1E5A179F0036AA27 /* Products */ = {
			isa = PBXGroup;
			children = (
				9C83800C1E5A179F0036AA27 /* Livsmedelappen.app */,
			);
			name = Products;
			sourceTree = "<group>";
		};
		9C83800E1E5A179F0036AA27 /* Livsmedelappen */ = {
			isa = PBXGroup;
			children = (
				9C83800F1E5A179F0036AA27 /* AppDelegate.swift */,
				9CF560411E5EF09F004D7DE1 /* DataManager.swift */,
				9C5A2E291E5B3D7C00232244 /* DetailsViewController.swift */,
				9C42CF331E675BD700C42F63 /* FlyingCarrotsViewController.swift */,
				9C16A5601E645A0300D382EB /* FoodProduct.swift */,
				9C42CF311E670FCD00C42F63 /* FavoritesTableViewController.swift */,
				9CF5603F1E5EDFF0004D7DE1 /* MyTableViewCell.swift */,
				9C5A2E271E5B333100232244 /* SearchListTableViewController.swift */,
				9C42CF351E67648D00C42F63 /* Assets.xcassets */,
				9C8380131E5A179F0036AA27 /* Main.storyboard */,
				9C8380181E5A179F0036AA27 /* LaunchScreen.storyboard */,
				9C83801B1E5A179F0036AA27 /* Info.plist */,
			);
			path = Livsmedelappen;
			sourceTree = "<group>";
		};
/* End PBXGroup section */

/* Begin PBXNativeTarget section */
		9C83800B1E5A179F0036AA27 /* Livsmedelappen */ = {
			isa = PBXNativeTarget;
			buildConfigurationList = 9C83801E1E5A179F0036AA27 /* Build configuration list for PBXNativeTarget "Livsmedelappen" */;
			buildPhases = (
				9C8380081E5A179F0036AA27 /* Sources */,
				9C8380091E5A179F0036AA27 /* Frameworks */,
				9C83800A1E5A179F0036AA27 /* Resources */,
			);
			buildRules = (
			);
			dependencies = (
			);
			name = Livsmedelappen;
			productName = Livsmedelappen;
			productReference = 9C83800C1E5A179F0036AA27 /* Livsmedelappen.app */;
			productType = "com.apple.product-type.application";
		};
/* End PBXNativeTarget section */

/* Begin PBXProject section */
		9C8380041E5A179F0036AA27 /* Project object */ = {
			isa = PBXProject;
			attributes = {
				LastSwiftUpdateCheck = 0820;
				LastUpgradeCheck = 0820;
				ORGANIZATIONNAME = jsonkuan;
				TargetAttributes = {
					9C83800B1E5A179F0036AA27 = {
						CreatedOnToolsVersion = 8.2.1;
						DevelopmentTeam = M7X37PRA8F;
						ProvisioningStyle = Automatic;
					};
				};
			};
			buildConfigurationList = 9C8380071E5A179F0036AA27 /* Build configuration list for PBXProject "Livsmedelappen" */;
			compatibilityVersion = "Xcode 3.2";
			developmentRegion = English;
			hasScannedForEncodings = 0;
			knownRegions = (
				en,
				Base,
			);
			mainGroup = 9C8380031E5A179F0036AA27;
			productRefGroup = 9C83800D1E5A179F0036AA27 /* Products */;
			projectDirPath = "";
			projectRoot = "";
			targets = (
				9C83800B1E5A179F0036AA27 /* Livsmedelappen */,
			);
		};
/* End PBXProject section */

/* Begin PBXResourcesBuildPhase section */
		9C83800A1E5A179F0036AA27 /* Resources */ = {
			isa = PBXResourcesBuildPhase;
			buildActionMask = 2147483647;
			files = (
				9C83801A1E5A179F0036AA27 /* LaunchScreen.storyboard in Resources */,
				9C42CF361E67648D00C42F63 /* Assets.xcassets in Resources */,
				9C8380151E5A179F0036AA27 /* Main.storyboard in Resources */,
			);
			runOnlyForDeploymentPostprocessing = 0;
		};
/* End PBXResourcesBuildPhase section */

/* Begin PBXSourcesBuildPhase section */
		9C8380081E5A179F0036AA27 /* Sources */ = {
			isa = PBXSourcesBuildPhase;
			buildActionMask = 2147483647;
			files = (
				9CF560421E5EF09F004D7DE1 /* DataManager.swift in Sources */,
				9C5A2E281E5B333100232244 /* SearchListTableViewController.swift in Sources */,
				9C42CF321E670FCD00C42F63 /* FavoritesTableViewController.swift in Sources */,
				9C42CF341E675BD700C42F63 /* FlyingCarrotsViewController.swift in Sources */,
				9C16A5611E645A0300D382EB /* FoodProduct.swift in Sources */,
				9C8380101E5A179F0036AA27 /* AppDelegate.swift in Sources */,
				9CF560401E5EDFF0004D7DE1 /* MyTableViewCell.swift in Sources */,
				9C5A2E2A1E5B3D7C00232244 /* DetailsViewController.swift in Sources */,
			);
			runOnlyForDeploymentPostprocessing = 0;
		};
/* End PBXSourcesBuildPhase section */

/* Begin PBXVariantGroup section */
		9C8380131E5A179F0036AA27 /* Main.storyboard */ = {
			isa = PBXVariantGroup;
			children = (
				9C8380141E5A179F0036AA27 /* Base */,
			);
			name = Main.storyboard;
			sourceTree = "<group>";
		};
		9C8380181E5A179F0036AA27 /* LaunchScreen.storyboard */ = {
			isa = PBXVariantGroup;
			children = (
				9C8380191E5A179F0036AA27 /* Base */,
			);
			name = LaunchScreen.storyboard;
			sourceTree = "<group>";
		};
/* End PBXVariantGroup section */

/* Begin XCBuildConfiguration section */
		9C83801C1E5A179F0036AA27 /* Debug */ = {
			isa = XCBuildConfiguration;
			buildSettings = {
				ALWAYS_SEARCH_USER_PATHS = NO;
				CLANG_ANALYZER_NONNULL = YES;
				CLANG_CXX_LANGUAGE_STANDARD = "gnu++0x";
				CLANG_CXX_LIBRARY = "libc++";
				CLANG_ENABLE_MODULES = YES;
				CLANG_ENABLE_OBJC_ARC = YES;
				CLANG_WARN_BOOL_CONVERSION = YES;
				CLANG_WARN_CONSTANT_CONVERSION = YES;
				CLANG_WARN_DIRECT_OBJC_ISA_USAGE = YES_ERROR;
				CLANG_WARN_DOCUMENTATION_COMMENTS = YES;
				CLANG_WARN_EMPTY_BODY = YES;
				CLANG_WARN_ENUM_CONVERSION = YES;
				CLANG_WARN_INFINITE_RECURSION = YES;
				CLANG_WARN_INT_CONVERSION = YES;
				CLANG_WARN_OBJC_ROOT_CLASS = YES_ERROR;
				CLANG_WARN_SUSPICIOUS_MOVE = YES;
				CLANG_WARN_UNREACHABLE_CODE = YES;
				CLANG_WARN__DUPLICATE_METHOD_MATCH = YES;
				"CODE_SIGN_IDENTITY[sdk=iphoneos*]" = "iPhone Developer";
				COPY_PHASE_STRIP = NO;
				DEBUG_INFORMATION_FORMAT = dwarf;
				ENABLE_STRICT_OBJC_MSGSEND = YES;
				ENABLE_TESTABILITY = YES;
				GCC_C_LANGUAGE_STANDARD = gnu99;
				GCC_DYNAMIC_NO_PIC = NO;
				GCC_NO_COMMON_BLOCKS = YES;
				GCC_OPTIMIZATION_LEVEL = 0;
				GCC_PREPROCESSOR_DEFINITIONS = (
					"DEBUG=1",
					"$(inherited)",
				);
				GCC_WARN_64_TO_32_BIT_CONVERSION = YES;
				GCC_WARN_ABOUT_RETURN_TYPE = YES_ERROR;
				GCC_WARN_UNDECLARED_SELECTOR = YES;
				GCC_WARN_UNINITIALIZED_AUTOS = YES_AGGRESSIVE;
				GCC_WARN_UNUSED_FUNCTION = YES;
				GCC_WARN_UNUSED_VARIABLE = YES;
				IPHONEOS_DEPLOYMENT_TARGET = 10.2;
				MTL_ENABLE_DEBUG_INFO = YES;
				ONLY_ACTIVE_ARCH = YES;
				SDKROOT = iphoneos;
				SWIFT_ACTIVE_COMPILATION_CONDITIONS = DEBUG;
				SWIFT_OPTIMIZATION_LEVEL = "-Onone";
			};
			name = Debug;
		};
		9C83801D1E5A179F0036AA27 /* Release */ = {
			isa = XCBuildConfiguration;
			buildSettings = {
				ALWAYS_SEARCH_USER_PATHS = NO;
				CLANG_ANALYZER_NONNULL = YES;
				CLANG_CXX_LANGUAGE_STANDARD = "gnu++0x";
				CLANG_CXX_LIBRARY = "libc++";
				CLANG_ENABLE_MODULES = YES;
				CLANG_ENABLE_OBJC_ARC = YES;
				CLANG_WARN_BOOL_CONVERSION = YES;
				CLANG_WARN_CONSTANT_CONVERSION = YES;
				CLANG_WARN_DIRECT_OBJC_ISA_USAGE = YES_ERROR;
				CLANG_WARN_DOCUMENTATION_COMMENTS = YES;
				CLANG_WARN_EMPTY_BODY = YES;
				CLANG_WARN_ENUM_CONVERSION = YES;
				CLANG_WARN_INFINITE_RECURSION = YES;
				CLANG_WARN_INT_CONVERSION = YES;
				CLANG_WARN_OBJC_ROOT_CLASS = YES_ERROR;
				CLANG_WARN_SUSPICIOUS_MOVE = YES;
				CLANG_WARN_UNREACHABLE_CODE = YES;
				CLANG_WARN__DUPLICATE_METHOD_MATCH = YES;
				"CODE_SIGN_IDENTITY[sdk=iphoneos*]" = "iPhone Developer";
				COPY_PHASE_STRIP = NO;
				DEBUG_INFORMATION_FORMAT = "dwarf-with-dsym";
				ENABLE_NS_ASSERTIONS = NO;
				ENABLE_STRICT_OBJC_MSGSEND = YES;
				GCC_C_LANGUAGE_STANDARD = gnu99;
				GCC_NO_COMMON_BLOCKS = YES;
				GCC_WARN_64_TO_32_BIT_CONVERSION = YES;
				GCC_WARN_ABOUT_RETURN_TYPE = YES_ERROR;
				GCC_WARN_UNDECLARED_SELECTOR = YES;
				GCC_WARN_UNINITIALIZED_AUTOS = YES_AGGRESSIVE;
				GCC_WARN_UNUSED_FUNCTION = YES;
				GCC_WARN_UNUSED_VARIABLE = YES;
				IPHONEOS_DEPLOYMENT_TARGET = 10.2;
				MTL_ENABLE_DEBUG_INFO = NO;
				SDKROOT = iphoneos;
				SWIFT_OPTIMIZATION_LEVEL = "-Owholemodule";
				VALIDATE_PRODUCT = YES;
			};
			name = Release;
		};
		9C83801F1E5A179F0036AA27 /* Debug */ = {
			isa = XCBuildConfiguration;
			buildSettings = {
				ASSETCATALOG_COMPILER_APPICON_NAME = AppIcon;
				DEVELOPMENT_TEAM = M7X37PRA8F;
				INFOPLIST_FILE = Livsmedelappen/Info.plist;
				LD_RUNPATH_SEARCH_PATHS = "$(inherited) @executable_path/Frameworks";
				PRODUCT_BUNDLE_IDENTIFIER = com.jsonkuan.Livsmedelappen;
				PRODUCT_NAME = "$(TARGET_NAME)";
				SWIFT_VERSION = 3.0;
			};
			name = Debug;
		};
		9C8380201E5A179F0036AA27 /* Release */ = {
			isa = XCBuildConfiguration;
			buildSettings = {
				ASSETCATALOG_COMPILER_APPICON_NAME = AppIcon;
				DEVELOPMENT_TEAM = M7X37PRA8F;
				INFOPLIST_FILE = Livsmedelappen/Info.plist;
				LD_RUNPATH_SEARCH_PATHS = "$(inherited) @executable_path/Frameworks";
				PRODUCT_BUNDLE_IDENTIFIER = com.jsonkuan.Livsmedelappen;
				PRODUCT_NAME = "$(TARGET_NAME)";
				SWIFT_VERSION = 3.0;
			};
			name = Release;
		};
/* End XCBuildConfiguration section */

/* Begin XCConfigurationList section */
		9C8380071E5A179F0036AA27 /* Build configuration list for PBXProject "Livsmedelappen" */ = {
			isa = XCConfigurationList;
			buildConfigurations = (
				9C83801C1E5A179F0036AA27 /* Debug */,
				9C83801D1E5A179F0036AA27 /* Release */,
			);
			defaultConfigurationIsVisible = 0;
			defaultConfigurationName = Release;
		};
		9C83801E1E5A179F0036AA27 /* Build configuration list for PBXNativeTarget "Livsmedelappen" */ = {
			isa = XCConfigurationList;
			buildConfigurations = (
				9C83801F1E5A179F0036AA27 /* Debug */,
				9C8380201E5A179F0036AA27 /* Release */,
			);
			defaultConfigurationIsVisible = 0;
			defaultConfigurationName = Release;
		};
/* End XCConfigurationList section */
	};
	rootObject = 9C8380041E5A179F0036AA27 /* Project object */;
}
